{
  "name": "minipet",
  "version": "1.0.0",
  "lockfileVersion": 1,
  "requires": true,
  "dependencies": {
    "weui-miniprogram": {
      "version": "0.1.12",
      "resolved": "https://registry.npm.taobao.org/weui-miniprogram/download/weui-miniprogram-0.1.12.tgz",
      "integrity": "sha1-pg0T1KjPMo1jP5n4ZGMIJkJ6Obc="
    }
  }
}
